
Microsoft Visual Studio Solution File, Format Version 12.00
# Visual Studio Version 17
VisualStudioVersion = 17.5.002.0
MinimumVisualStudioVersion = 10.0.40219.1
Project("{9A19103F-16F7-4668-BE54-9A1E7A4F7556}") = "MariaVik123", "MariaVik123\MariaVik123.csproj", "{F4AF8CB9-B142-4772-8673-D6379794DB8C}"
EndProject
Global
	GlobalSection(SolutionConfigurationPlatforms) = preSolution
		Debug|Any CPU = Debug|Any CPU
		Release|Any CPU = Release|Any CPU
	EndGlobalSection
	GlobalSection(ProjectConfigurationPlatforms) = postSolution
		{F4AF8CB9-B142-4772-8673-D6379794DB8C}.Debug|Any CPU.ActiveCfg = Debug|Any CPU
		{F4AF8CB9-B142-4772-8673-D6379794DB8C}.Debug|Any CPU.Build.0 = Debug|Any CPU
		{F4AF8CB9-B142-4772-8673-D6379794DB8C}.Release|Any CPU.ActiveCfg = Release|Any CPU
		{F4AF8CB9-B142-4772-8673-D6379794DB8C}.Release|Any CPU.Build.0 = Release|Any CPU
	EndGlobalSection
	GlobalSection(SolutionProperties) = preSolution
		HideSolutionNode = FALSE
	EndGlobalSection
	GlobalSection(ExtensibilityGlobals) = postSolution
		SolutionGuid = {C72367CB-DD20-4E05-A662-9A74D76F9D9F}
	EndGlobalSection
EndGlobal
